// !$*UTF8*$!
{
	archiveVersion = 1;
	classes = {
	};
	objectVersion = 63;
	objects = {

/* Begin PBXBuildFile section */
		B610AC032F15B4DD008B2C15 /* gym_appApp.swift in Sources */ = {isa = PBXBuildFile; fileRef = B610AC022F15B4DD008B2C15 /* gym_appApp.swift */; };
		B610AC052F15B4DD008B2C15 /* ContentView.swift in Sources */ = {isa = PBXBuildFile; fileRef = B610AC042F15B4DD008B2C15 /* ContentView.swift */; };
		B610AC072F15B4DE008B2C15 /* Assets.xcassets in Resources */ = {isa = PBXBuildFile; fileRef = B610AC062F15B4DE008B2C15 /* Assets.xcassets */; };
		B610AC0A2F15B4DE008B2C15 /* Preview Assets.xcassets in Resources */ = {isa = PBXBuildFile; fileRef = B610AC092F15B4DE008B2C15 /* Preview Assets.xcassets */; };
		B610AC142F15B4DE008B2C15 /* gym_appTests.swift in Sources */ = {isa = PBXBuildFile; fileRef = B610AC132F15B4DE008B2C15 /* gym_appTests.swift */; };
		B610AC1E2F15B4DF008B2C15 /* gym_appUITests.swift in Sources */ = {isa = PBXBuildFile; fileRef = B610AC1D2F15B4DF008B2C15 /* gym_appUITests.swift */; };
		B610AC202F15B4DF008B2C15 /* gym_appUITestsLaunchTests.swift in Sources */ = {isa = PBXBuildFile; fileRef = B610AC1F2F15B4DF008B2C15 /* gym_appUITestsLaunchTests.swift */; };
		B63EBEE32F15E55600D8C22D /* FirebaseAuth in Frameworks */ = {isa = PBXBuildFile; productRef = B63EBEE22F15E55600D8C22D /* FirebaseAuth */; };
		B63EBEE52F15E55600D8C22D /* FirebaseFirestore in Frameworks */ = {isa = PBXBuildFile; productRef = B63EBEE42F15E55600D8C22D /* FirebaseFirestore */; };
		B63EBF0F2F15E73700D8C22D /* AppState.swift in Sources */ = {isa = PBXBuildFile; fileRef = B63EBEE62F15E73700D8C22D /* AppState.swift */; };
		B63EBF102F15E73700D8C22D /* ModuleViewModel.swift in Sources */ = {isa = PBXBuildFile; fileRef = B63EBEE72F15E73700D8C22D /* ModuleViewModel.swift */; };
		B63EBF112F15E73700D8C22D /* SessionViewModel.swift in Sources */ = {isa = PBXBuildFile; fileRef = B63EBEE82F15E73700D8C22D /* SessionViewModel.swift */; };
		B63EBF122F15E73700D8C22D /* WorkoutViewModel.swift in Sources */ = {isa = PBXBuildFile; fileRef = B63EBEE92F15E73700D8C22D /* WorkoutViewModel.swift */; };
		B63EBF132F15E73700D8C22D /* Enums.swift in Sources */ = {isa = PBXBuildFile; fileRef = B63EBEEB2F15E73700D8C22D /* Enums.swift */; };
		B63EBF142F15E73700D8C22D /* Exercise.swift in Sources */ = {isa = PBXBuildFile; fileRef = B63EBEEC2F15E73700D8C22D /* Exercise.swift */; };
		B63EBF302F15E73700D8C22D /* ExerciseLibrary.swift in Sources */ = {isa = PBXBuildFile; fileRef = B63EBEA02F15E73700D8C22D /* ExerciseLibrary.swift */; };
		B63EBF152F15E73700D8C22D /* Module.swift in Sources */ = {isa = PBXBuildFile; fileRef = B63EBEED2F15E73700D8C22D /* Module.swift */; };
		B63EBF162F15E73700D8C22D /* Session.swift in Sources */ = {isa = PBXBuildFile; fileRef = B63EBEEE2F15E73700D8C22D /* Session.swift */; };
		B63EBF172F15E73700D8C22D /* SetGroup.swift in Sources */ = {isa = PBXBuildFile; fileRef = B63EBEEF2F15E73700D8C22D /* SetGroup.swift */; };
		B63EBF182F15E73700D8C22D /* Workout.swift in Sources */ = {isa = PBXBuildFile; fileRef = B63EBEF02F15E73700D8C22D /* Workout.swift */; };
		B63EBF192F15E73700D8C22D /* HistoryView.swift in Sources */ = {isa = PBXBuildFile; fileRef = B63EBEF22F15E73700D8C22D /* HistoryView.swift */; };
		B63EBF1A2F15E73700D8C22D /* SessionDetailView.swift in Sources */ = {isa = PBXBuildFile; fileRef = B63EBEF32F15E73700D8C22D /* SessionDetailView.swift */; };
		B63EBF1B2F15E73700D8C22D /* ExerciseDetailView.swift in Sources */ = {isa = PBXBuildFile; fileRef = B63EBEF52F15E73700D8C22D /* ExerciseDetailView.swift */; };
		B63EBF1C2F15E73700D8C22D /* ExerciseFormView.swift in Sources */ = {isa = PBXBuildFile; fileRef = B63EBEF62F15E73700D8C22D /* ExerciseFormView.swift */; };
		B63EBF1D2F15E73700D8C22D /* ModuleDetailView.swift in Sources */ = {isa = PBXBuildFile; fileRef = B63EBEF72F15E73700D8C22D /* ModuleDetailView.swift */; };
		B63EBF1E2F15E73700D8C22D /* ModuleFormView.swift in Sources */ = {isa = PBXBuildFile; fileRef = B63EBEF82F15E73700D8C22D /* ModuleFormView.swift */; };
		B63EBF1F2F15E73700D8C22D /* ModulesListView.swift in Sources */ = {isa = PBXBuildFile; fileRef = B63EBEF92F15E73700D8C22D /* ModulesListView.swift */; };
		B63EBF202F15E73700D8C22D /* ActiveSessionView.swift in Sources */ = {isa = PBXBuildFile; fileRef = B63EBEFB2F15E73700D8C22D /* ActiveSessionView.swift */; };
		B63EBF212F15E73700D8C22D /* SettingsView.swift in Sources */ = {isa = PBXBuildFile; fileRef = B63EBEFD2F15E73700D8C22D /* SettingsView.swift */; };
		B63EBF222F15E73700D8C22D /* WorkoutDetailView.swift in Sources */ = {isa = PBXBuildFile; fileRef = B63EBEFF2F15E73700D8C22D /* WorkoutDetailView.swift */; };
		B63EBF232F15E73700D8C22D /* WorkoutFormView.swift in Sources */ = {isa = PBXBuildFile; fileRef = B63EBF002F15E73700D8C22D /* WorkoutFormView.swift */; };
		B63EBF242F15E73700D8C22D /* WorkoutsListView.swift in Sources */ = {isa = PBXBuildFile; fileRef = B63EBF012F15E73700D8C22D /* WorkoutsListView.swift */; };
		B63EBF252F15E73700D8C22D /* HomeView.swift in Sources */ = {isa = PBXBuildFile; fileRef = B63EBF032F15E73700D8C22D /* HomeView.swift */; };
		B63EBF262F15E73700D8C22D /* MainTabView.swift in Sources */ = {isa = PBXBuildFile; fileRef = B63EBF042F15E73700D8C22D /* MainTabView.swift */; };
		B63EBF272F15E73700D8C22D /* CoreDataEntities.swift in Sources */ = {isa = PBXBuildFile; fileRef = B63EBF062F15E73700D8C22D /* CoreDataEntities.swift */; };
		B63EBF282F15E73700D8C22D /* PersistenceController.swift in Sources */ = {isa = PBXBuildFile; fileRef = B63EBF072F15E73700D8C22D /* PersistenceController.swift */; };
		B63EBF292F15E73700D8C22D /* DataRepository.swift in Sources */ = {isa = PBXBuildFile; fileRef = B63EBF092F15E73700D8C22D /* DataRepository.swift */; };
		B63EBF2A2F15E73700D8C22D /* FirebaseService.swift in Sources */ = {isa = PBXBuildFile; fileRef = B63EBF0B2F15E73700D8C22D /* FirebaseService.swift */; };
		B63EBF2B2F15E73700D8C22D /* NetworkMonitor.swift in Sources */ = {isa = PBXBuildFile; fileRef = B63EBF0C2F15E73700D8C22D /* NetworkMonitor.swift */; };
		B63EBF2C2F15E73700D8C22D /* SyncManager.swift in Sources */ = {isa = PBXBuildFile; fileRef = B63EBF0D2F15E73700D8C22D /* SyncManager.swift */; };
		B658B09E2F16903C00B2F84E /* AppTheme.swift in Sources */ = {isa = PBXBuildFile; fileRef = B658B09B2F16903C00B2F84E /* AppTheme.swift */; };
		B658B09F2F16903C00B2F84E /* Components.swift in Sources */ = {isa = PBXBuildFile; fileRef = B658B09C2F16903C00B2F84E /* Components.swift */; };
		B693104C2F15E12A0021CB0F /* GoogleService-Info.plist in Resources */ = {isa = PBXBuildFile; fileRef = B693104B2F15E12A0021CB0F /* GoogleService-Info.plist */; };
		B693104D2F15E12A0021CB0F /* GoogleService-Info.plist in Resources */ = {isa = PBXBuildFile; fileRef = B693104B2F15E12A0021CB0F /* GoogleService-Info.plist */; };
		B693104E2F15E12A0021CB0F /* GoogleService-Info.plist in Resources */ = {isa = PBXBuildFile; fileRef = B693104B2F15E12A0021CB0F /* GoogleService-Info.plist */; };
		827E4547CA7D42C1BCD2A93B /* SessionModels.swift in Sources */ = {isa = PBXBuildFile; fileRef = 7892D49050054B958D767C66 /* SessionModels.swift */; };
		7C388C9A41484932BBDDF97C /* SessionComponents.swift in Sources */ = {isa = PBXBuildFile; fileRef = 831F4BF6DCA940DF8F46BD55 /* SessionComponents.swift */; };
		39DB3468001A45CEA0E01B1F /* EndSessionSheet.swift in Sources */ = {isa = PBXBuildFile; fileRef = C8C0101650AF44AEA8A6F8A1 /* EndSessionSheet.swift */; };
		809C1B452DCD4B8AB156DBCE /* RecentSetsSheet.swift in Sources */ = {isa = PBXBuildFile; fileRef = 41BC86B3BCEE40829E96B24B /* RecentSetsSheet.swift */; };
		7E3A26543EA449B5824C3A63 /* WorkoutOverviewSheet.swift in Sources */ = {isa = PBXBuildFile; fileRef = 819E2E82C0C24D519F040C84 /* WorkoutOverviewSheet.swift */; };
		9A12E7530EDF4ADE85E5FEA3 /* ExerciseModificationSheets.swift in Sources */ = {isa = PBXBuildFile; fileRef = 4EA5B70D29F142CF8BE80E2D /* ExerciseModificationSheets.swift */; };
/* End PBXBuildFile section */

/* Begin PBXContainerItemProxy section */
		B610AC102F15B4DE008B2C15 /* PBXContainerItemProxy */ = {
			isa = PBXContainerItemProxy;
			containerPortal = B610ABF72F15B4DD008B2C15 /* Project object */;
			proxyType = 1;
			remoteGlobalIDString = B610ABFE2F15B4DD008B2C15;
			remoteInfo = "gym app";
		};
		B610AC1A2F15B4DF008B2C15 /* PBXContainerItemProxy */ = {
			isa = PBXContainerItemProxy;
			containerPortal = B610ABF72F15B4DD008B2C15 /* Project object */;
			proxyType = 1;
			remoteGlobalIDString = B610ABFE2F15B4DD008B2C15;
			remoteInfo = "gym app";
		};
/* End PBXContainerItemProxy section */

/* Begin PBXFileReference section */
		B610ABFF2F15B4DD008B2C15 /* gym app.app */ = {isa = PBXFileReference; explicitFileType = wrapper.application; includeInIndex = 0; path = "gym app.app"; sourceTree = BUILT_PRODUCTS_DIR; };
		B610AC022F15B4DD008B2C15 /* gym_appApp.swift */ = {isa = PBXFileReference; lastKnownFileType = sourcecode.swift; path = gym_appApp.swift; sourceTree = "<group>"; };
		B610AC042F15B4DD008B2C15 /* ContentView.swift */ = {isa = PBXFileReference; lastKnownFileType = sourcecode.swift; path = ContentView.swift; sourceTree = "<group>"; };
		B610AC062F15B4DE008B2C15 /* Assets.xcassets */ = {isa = PBXFileReference; lastKnownFileType = folder.assetcatalog; path = Assets.xcassets; sourceTree = "<group>"; };
		B610AC092F15B4DE008B2C15 /* Preview Assets.xcassets */ = {isa = PBXFileReference; lastKnownFileType = folder.assetcatalog; path = "Preview Assets.xcassets"; sourceTree = "<group>"; };
		B610AC0F2F15B4DE008B2C15 /* gym appTests.xctest */ = {isa = PBXFileReference; explicitFileType = wrapper.cfbundle; includeInIndex = 0; path = "gym appTests.xctest"; sourceTree = BUILT_PRODUCTS_DIR; };
		B610AC132F15B4DE008B2C15 /* gym_appTests.swift */ = {isa = PBXFileReference; lastKnownFileType = sourcecode.swift; path = gym_appTests.swift; sourceTree = "<group>"; };
		B610AC192F15B4DF008B2C15 /* gym appUITests.xctest */ = {isa = PBXFileReference; explicitFileType = wrapper.cfbundle; includeInIndex = 0; path = "gym appUITests.xctest"; sourceTree = BUILT_PRODUCTS_DIR; };
		B610AC1D2F15B4DF008B2C15 /* gym_appUITests.swift */ = {isa = PBXFileReference; lastKnownFileType = sourcecode.swift; path = gym_appUITests.swift; sourceTree = "<group>"; };
		B610AC1F2F15B4DF008B2C15 /* gym_appUITestsLaunchTests.swift */ = {isa = PBXFileReference; lastKnownFileType = sourcecode.swift; path = gym_appUITestsLaunchTests.swift; sourceTree = "<group>"; };
		B63EBEE62F15E73700D8C22D /* AppState.swift */ = {isa = PBXFileReference; fileEncoding = 4; lastKnownFileType = sourcecode.swift; path = AppState.swift; sourceTree = "<group>"; };
		B63EBEE72F15E73700D8C22D /* ModuleViewModel.swift */ = {isa = PBXFileReference; fileEncoding = 4; lastKnownFileType = sourcecode.swift; path = ModuleViewModel.swift; sourceTree = "<group>"; };
		B63EBEE82F15E73700D8C22D /* SessionViewModel.swift */ = {isa = PBXFileReference; fileEncoding = 4; lastKnownFileType = sourcecode.swift; path = SessionViewModel.swift; sourceTree = "<group>"; };
		B63EBEE92F15E73700D8C22D /* WorkoutViewModel.swift */ = {isa = PBXFileReference; fileEncoding = 4; lastKnownFileType = sourcecode.swift; path = WorkoutViewModel.swift; sourceTree = "<group>"; };
		B63EBEEB2F15E73700D8C22D /* Enums.swift */ = {isa = PBXFileReference; fileEncoding = 4; lastKnownFileType = sourcecode.swift; path = Enums.swift; sourceTree = "<group>"; };
		B63EBEEC2F15E73700D8C22D /* Exercise.swift */ = {isa = PBXFileReference; fileEncoding = 4; lastKnownFileType = sourcecode.swift; path = Exercise.swift; sourceTree = "<group>"; };
		B63EBEA02F15E73700D8C22D /* ExerciseLibrary.swift */ = {isa = PBXFileReference; fileEncoding = 4; lastKnownFileType = sourcecode.swift; path = ExerciseLibrary.swift; sourceTree = "<group>"; };
		B63EBEED2F15E73700D8C22D /* Module.swift */ = {isa = PBXFileReference; fileEncoding = 4; lastKnownFileType = sourcecode.swift; path = Module.swift; sourceTree = "<group>"; };
		B63EBEEE2F15E73700D8C22D /* Session.swift */ = {isa = PBXFileReference; fileEncoding = 4; lastKnownFileType = sourcecode.swift; path = Session.swift; sourceTree = "<group>"; };
		B63EBEEF2F15E73700D8C22D /* SetGroup.swift */ = {isa = PBXFileReference; fileEncoding = 4; lastKnownFileType = sourcecode.swift; path = SetGroup.swift; sourceTree = "<group>"; };
		B63EBEF02F15E73700D8C22D /* Workout.swift */ = {isa = PBXFileReference; fileEncoding = 4; lastKnownFileType = sourcecode.swift; path = Workout.swift; sourceTree = "<group>"; };
		B63EBEF22F15E73700D8C22D /* HistoryView.swift */ = {isa = PBXFileReference; fileEncoding = 4; lastKnownFileType = sourcecode.swift; path = HistoryView.swift; sourceTree = "<group>"; };
		B63EBEF32F15E73700D8C22D /* SessionDetailView.swift */ = {isa = PBXFileReference; fileEncoding = 4; lastKnownFileType = sourcecode.swift; path = SessionDetailView.swift; sourceTree = "<group>"; };
		B63EBEF52F15E73700D8C22D /* ExerciseDetailView.swift */ = {isa = PBXFileReference; fileEncoding = 4; lastKnownFileType = sourcecode.swift; path = ExerciseDetailView.swift; sourceTree = "<group>"; };
		B63EBEF62F15E73700D8C22D /* ExerciseFormView.swift */ = {isa = PBXFileReference; fileEncoding = 4; lastKnownFileType = sourcecode.swift; path = ExerciseFormView.swift; sourceTree = "<group>"; };
		B63EBEF72F15E73700D8C22D /* ModuleDetailView.swift */ = {isa = PBXFileReference; fileEncoding = 4; lastKnownFileType = sourcecode.swift; path = ModuleDetailView.swift; sourceTree = "<group>"; };
		B63EBEF82F15E73700D8C22D /* ModuleFormView.swift */ = {isa = PBXFileReference; fileEncoding = 4; lastKnownFileType = sourcecode.swift; path = ModuleFormView.swift; sourceTree = "<group>"; };
		B63EBEF92F15E73700D8C22D /* ModulesListView.swift */ = {isa = PBXFileReference; fileEncoding = 4; lastKnownFileType = sourcecode.swift; path = ModulesListView.swift; sourceTree = "<group>"; };
		B63EBEFB2F15E73700D8C22D /* ActiveSessionView.swift */ = {isa = PBXFileReference; fileEncoding = 4; lastKnownFileType = sourcecode.swift; path = ActiveSessionView.swift; sourceTree = "<group>"; };
		B63EBEFD2F15E73700D8C22D /* SettingsView.swift */ = {isa = PBXFileReference; fileEncoding = 4; lastKnownFileType = sourcecode.swift; path = SettingsView.swift; sourceTree = "<group>"; };
		B63EBEFF2F15E73700D8C22D /* WorkoutDetailView.swift */ = {isa = PBXFileReference; fileEncoding = 4; lastKnownFileType = sourcecode.swift; path = WorkoutDetailView.swift; sourceTree = "<group>"; };
		B63EBF002F15E73700D8C22D /* WorkoutFormView.swift */ = {isa = PBXFileReference; fileEncoding = 4; lastKnownFileType = sourcecode.swift; path = WorkoutFormView.swift; sourceTree = "<group>"; };
		B63EBF012F15E73700D8C22D /* WorkoutsListView.swift */ = {isa = PBXFileReference; fileEncoding = 4; lastKnownFileType = sourcecode.swift; path = WorkoutsListView.swift; sourceTree = "<group>"; };
		B63EBF032F15E73700D8C22D /* HomeView.swift */ = {isa = PBXFileReference; fileEncoding = 4; lastKnownFileType = sourcecode.swift; path = HomeView.swift; sourceTree = "<group>"; };
		B63EBF042F15E73700D8C22D /* MainTabView.swift */ = {isa = PBXFileReference; fileEncoding = 4; lastKnownFileType = sourcecode.swift; path = MainTabView.swift; sourceTree = "<group>"; };
		B63EBF062F15E73700D8C22D /* CoreDataEntities.swift */ = {isa = PBXFileReference; fileEncoding = 4; lastKnownFileType = sourcecode.swift; path = CoreDataEntities.swift; sourceTree = "<group>"; };
		B63EBF072F15E73700D8C22D /* PersistenceController.swift */ = {isa = PBXFileReference; fileEncoding = 4; lastKnownFileType = sourcecode.swift; path = PersistenceController.swift; sourceTree = "<group>"; };
		B63EBF092F15E73700D8C22D /* DataRepository.swift */ = {isa = PBXFileReference; fileEncoding = 4; lastKnownFileType = sourcecode.swift; path = DataRepository.swift; sourceTree = "<group>"; };
		B63EBF0B2F15E73700D8C22D /* FirebaseService.swift */ = {isa = PBXFileReference; fileEncoding = 4; lastKnownFileType = sourcecode.swift; path = FirebaseService.swift; sourceTree = "<group>"; };
		B63EBF0C2F15E73700D8C22D /* NetworkMonitor.swift */ = {isa = PBXFileReference; fileEncoding = 4; lastKnownFileType = sourcecode.swift; path = NetworkMonitor.swift; sourceTree = "<group>"; };
		B63EBF0D2F15E73700D8C22D /* SyncManager.swift */ = {isa = PBXFileReference; fileEncoding = 4; lastKnownFileType = sourcecode.swift; path = SyncManager.swift; sourceTree = "<group>"; };
		B658B09B2F16903C00B2F84E /* AppTheme.swift */ = {isa = PBXFileReference; fileEncoding = 4; lastKnownFileType = sourcecode.swift; path = AppTheme.swift; sourceTree = "<group>"; };
		B658B09C2F16903C00B2F84E /* Components.swift */ = {isa = PBXFileReference; fileEncoding = 4; lastKnownFileType = sourcecode.swift; path = Components.swift; sourceTree = "<group>"; };
		B693104B2F15E12A0021CB0F /* GoogleService-Info.plist */ = {isa = PBXFileReference; fileEncoding = 4; lastKnownFileType = text.plist.xml; path = "GoogleService-Info.plist"; sourceTree = "<group>"; };
		7892D49050054B958D767C66 /* SessionModels.swift */ = {isa = PBXFileReference; fileEncoding = 4; lastKnownFileType = sourcecode.swift; path = SessionModels.swift; sourceTree = "<group>"; };
		831F4BF6DCA940DF8F46BD55 /* SessionComponents.swift */ = {isa = PBXFileReference; fileEncoding = 4; lastKnownFileType = sourcecode.swift; path = SessionComponents.swift; sourceTree = "<group>"; };
		C8C0101650AF44AEA8A6F8A1 /* EndSessionSheet.swift */ = {isa = PBXFileReference; fileEncoding = 4; lastKnownFileType = sourcecode.swift; path = EndSessionSheet.swift; sourceTree = "<group>"; };
		41BC86B3BCEE40829E96B24B /* RecentSetsSheet.swift */ = {isa = PBXFileReference; fileEncoding = 4; lastKnownFileType = sourcecode.swift; path = RecentSetsSheet.swift; sourceTree = "<group>"; };
		819E2E82C0C24D519F040C84 /* WorkoutOverviewSheet.swift */ = {isa = PBXFileReference; fileEncoding = 4; lastKnownFileType = sourcecode.swift; path = WorkoutOverviewSheet.swift; sourceTree = "<group>"; };
		4EA5B70D29F142CF8BE80E2D /* ExerciseModificationSheets.swift */ = {isa = PBXFileReference; fileEncoding = 4; lastKnownFileType = sourcecode.swift; path = ExerciseModificationSheets.swift; sourceTree = "<group>"; };
/* End PBXFileReference section */

/* Begin PBXFrameworksBuildPhase section */
		B610ABFC2F15B4DD008B2C15 /* Frameworks */ = {
			isa = PBXFrameworksBuildPhase;
			buildActionMask = 2147483647;
			files = (
				B63EBEE32F15E55600D8C22D /* FirebaseAuth in Frameworks */,
				B63EBEE52F15E55600D8C22D /* FirebaseFirestore in Frameworks */,
			);
			runOnlyForDeploymentPostprocessing = 0;
		};
		B610AC0C2F15B4DE008B2C15 /* Frameworks */ = {
			isa = PBXFrameworksBuildPhase;
			buildActionMask = 2147483647;
			files = (
			);
			runOnlyForDeploymentPostprocessing = 0;
		};
		B610AC162F15B4DF008B2C15 /* Frameworks */ = {
			isa = PBXFrameworksBuildPhase;
			buildActionMask = 2147483647;
			files = (
			);
			runOnlyForDeploymentPostprocessing = 0;
		};
/* End PBXFrameworksBuildPhase section */

/* Begin PBXGroup section */
		B610ABF62F15B4DD008B2C15 = {
			isa = PBXGroup;
			children = (
				B610AC012F15B4DD008B2C15 /* gym app */,
				B610AC122F15B4DE008B2C15 /* gym appTests */,
				B610AC1C2F15B4DF008B2C15 /* gym appUITests */,
				B610AC002F15B4DD008B2C15 /* Products */,
			);
			sourceTree = "<group>";
		};
		B610AC002F15B4DD008B2C15 /* Products */ = {
			isa = PBXGroup;
			children = (
				B610ABFF2F15B4DD008B2C15 /* gym app.app */,
				B610AC0F2F15B4DE008B2C15 /* gym appTests.xctest */,
				B610AC192F15B4DF008B2C15 /* gym appUITests.xctest */,
			);
			name = Products;
			sourceTree = "<group>";
		};
		B610AC012F15B4DD008B2C15 /* gym app */ = {
			isa = PBXGroup;
			children = (
				B658B09D2F16903C00B2F84E /* Theme */,
				B63EBF082F15E73700D8C22D /* CoreData */,
				B63EBEF12F15E73700D8C22D /* Models */,
				B63EBF0A2F15E73700D8C22D /* Repositories */,
				B63EBF0E2F15E73700D8C22D /* Services */,
				B63EBEEA2F15E73700D8C22D /* ViewModels */,
				B63EBF052F15E73700D8C22D /* Views */,
				B693104B2F15E12A0021CB0F /* GoogleService-Info.plist */,
				B610AC022F15B4DD008B2C15 /* gym_appApp.swift */,
				B610AC042F15B4DD008B2C15 /* ContentView.swift */,
				B610AC062F15B4DE008B2C15 /* Assets.xcassets */,
				B610AC082F15B4DE008B2C15 /* Preview Content */,
			);
			path = "gym app";
			sourceTree = "<group>";
		};
		B610AC082F15B4DE008B2C15 /* Preview Content */ = {
			isa = PBXGroup;
			children = (
				B610AC092F15B4DE008B2C15 /* Preview Assets.xcassets */,
			);
			path = "Preview Content";
			sourceTree = "<group>";
		};
		B610AC122F15B4DE008B2C15 /* gym appTests */ = {
			isa = PBXGroup;
			children = (
				B610AC132F15B4DE008B2C15 /* gym_appTests.swift */,
			);
			path = "gym appTests";
			sourceTree = "<group>";
		};
		B610AC1C2F15B4DF008B2C15 /* gym appUITests */ = {
			isa = PBXGroup;
			children = (
				B610AC1D2F15B4DF008B2C15 /* gym_appUITests.swift */,
				B610AC1F2F15B4DF008B2C15 /* gym_appUITestsLaunchTests.swift */,
			);
			path = "gym appUITests";
			sourceTree = "<group>";
		};
		B63EBEEA2F15E73700D8C22D /* ViewModels */ = {
			isa = PBXGroup;
			children = (
				B63EBEE62F15E73700D8C22D /* AppState.swift */,
				B63EBEE72F15E73700D8C22D /* ModuleViewModel.swift */,
				B63EBEE82F15E73700D8C22D /* SessionViewModel.swift */,
				B63EBEE92F15E73700D8C22D /* WorkoutViewModel.swift */,
			);
			path = ViewModels;
			sourceTree = "<group>";
		};
		B63EBEF12F15E73700D8C22D /* Models */ = {
			isa = PBXGroup;
			children = (
				B63EBEEB2F15E73700D8C22D /* Enums.swift */,
				B63EBEEC2F15E73700D8C22D /* Exercise.swift */,
				B63EBEA02F15E73700D8C22D /* ExerciseLibrary.swift */,
				B63EBEED2F15E73700D8C22D /* Module.swift */,
				B63EBEEE2F15E73700D8C22D /* Session.swift */,
				B63EBEEF2F15E73700D8C22D /* SetGroup.swift */,
				B63EBEF02F15E73700D8C22D /* Workout.swift */,
			);
			path = Models;
			sourceTree = "<group>";
		};
		B63EBEF42F15E73700D8C22D /* History */ = {
			isa = PBXGroup;
			children = (
				B63EBEF22F15E73700D8C22D /* HistoryView.swift */,
				B63EBEF32F15E73700D8C22D /* SessionDetailView.swift */,
			);
			path = History;
			sourceTree = "<group>";
		};
		B63EBEFA2F15E73700D8C22D /* Modules */ = {
			isa = PBXGroup;
			children = (
				B63EBEF52F15E73700D8C22D /* ExerciseDetailView.swift */,
				B63EBEF62F15E73700D8C22D /* ExerciseFormView.swift */,
				B63EBEF72F15E73700D8C22D /* ModuleDetailView.swift */,
				B63EBEF82F15E73700D8C22D /* ModuleFormView.swift */,
				B63EBEF92F15E73700D8C22D /* ModulesListView.swift */,
			);
			path = Modules;
			sourceTree = "<group>";
		};
		B63EBEFC2F15E73700D8C22D /* Session */ = {
			isa = PBXGroup;
			children = (
				B63EBEFB2F15E73700D8C22D /* ActiveSessionView.swift */,
				7892D49050054B958D767C66 /* SessionModels.swift */,
				831F4BF6DCA940DF8F46BD55 /* SessionComponents.swift */,
				C8C0101650AF44AEA8A6F8A1 /* EndSessionSheet.swift */,
				41BC86B3BCEE40829E96B24B /* RecentSetsSheet.swift */,
				819E2E82C0C24D519F040C84 /* WorkoutOverviewSheet.swift */,
				4EA5B70D29F142CF8BE80E2D /* ExerciseModificationSheets.swift */,
			);
			path = Session;
			sourceTree = "<group>";
		};
		B63EBEFE2F15E73700D8C22D /* Settings */ = {
			isa = PBXGroup;
			children = (
				B63EBEFD2F15E73700D8C22D /* SettingsView.swift */,
			);
			path = Settings;
			sourceTree = "<group>";
		};
		B63EBF022F15E73700D8C22D /* Workouts */ = {
			isa = PBXGroup;
			children = (
				B63EBEFF2F15E73700D8C22D /* WorkoutDetailView.swift */,
				B63EBF002F15E73700D8C22D /* WorkoutFormView.swift */,
				B63EBF012F15E73700D8C22D /* WorkoutsListView.swift */,
			);
			path = Workouts;
			sourceTree = "<group>";
		};
		B63EBF052F15E73700D8C22D /* Views */ = {
			isa = PBXGroup;
			children = (
				B63EBEF42F15E73700D8C22D /* History */,
				B63EBEFA2F15E73700D8C22D /* Modules */,
				B63EBEFC2F15E73700D8C22D /* Session */,
				B63EBEFE2F15E73700D8C22D /* Settings */,
				B63EBF022F15E73700D8C22D /* Workouts */,
				B63EBF032F15E73700D8C22D /* HomeView.swift */,
				B63EBF042F15E73700D8C22D /* MainTabView.swift */,
			);
			path = Views;
			sourceTree = "<group>";
		};
		B63EBF082F15E73700D8C22D /* CoreData */ = {
			isa = PBXGroup;
			children = (
				B63EBF062F15E73700D8C22D /* CoreDataEntities.swift */,
				B63EBF072F15E73700D8C22D /* PersistenceController.swift */,
			);
			path = CoreData;
			sourceTree = "<group>";
		};
		B63EBF0A2F15E73700D8C22D /* Repositories */ = {
			isa = PBXGroup;
			children = (
				B63EBF092F15E73700D8C22D /* DataRepository.swift */,
			);
			path = Repositories;
			sourceTree = "<group>";
		};
		B63EBF0E2F15E73700D8C22D /* Services */ = {
			isa = PBXGroup;
			children = (
				B63EBF0B2F15E73700D8C22D /* FirebaseService.swift */,
				B63EBF0C2F15E73700D8C22D /* NetworkMonitor.swift */,
				B63EBF0D2F15E73700D8C22D /* SyncManager.swift */,
			);
			path = Services;
			sourceTree = "<group>";
		};
		B658B09D2F16903C00B2F84E /* Theme */ = {
			isa = PBXGroup;
			children = (
				B658B09B2F16903C00B2F84E /* AppTheme.swift */,
				B658B09C2F16903C00B2F84E /* Components.swift */,
			);
			path = Theme;
			sourceTree = "<group>";
		};
/* End PBXGroup section */

/* Begin PBXNativeTarget section */
		B610ABFE2F15B4DD008B2C15 /* gym app */ = {
			isa = PBXNativeTarget;
			buildConfigurationList = B610AC232F15B4DF008B2C15 /* Build configuration list for PBXNativeTarget "gym app" */;
			buildPhases = (
				B610ABFB2F15B4DD008B2C15 /* Sources */,
				B610ABFC2F15B4DD008B2C15 /* Frameworks */,
				B610ABFD2F15B4DD008B2C15 /* Resources */,
			);
			buildRules = (
			);
			dependencies = (
			);
			name = "gym app";
			packageProductDependencies = (
				B63EBEE22F15E55600D8C22D /* FirebaseAuth */,
				B63EBEE42F15E55600D8C22D /* FirebaseFirestore */,
			);
			productName = "gym app";
			productReference = B610ABFF2F15B4DD008B2C15 /* gym app.app */;
			productType = "com.apple.product-type.application";
		};
		B610AC0E2F15B4DE008B2C15 /* gym appTests */ = {
			isa = PBXNativeTarget;
			buildConfigurationList = B610AC262F15B4DF008B2C15 /* Build configuration list for PBXNativeTarget "gym appTests" */;
			buildPhases = (
				B610AC0B2F15B4DE008B2C15 /* Sources */,
				B610AC0C2F15B4DE008B2C15 /* Frameworks */,
				B610AC0D2F15B4DE008B2C15 /* Resources */,
			);
			buildRules = (
			);
			dependencies = (
				B610AC112F15B4DE008B2C15 /* PBXTargetDependency */,
			);
			name = "gym appTests";
			productName = "gym appTests";
			productReference = B610AC0F2F15B4DE008B2C15 /* gym appTests.xctest */;
			productType = "com.apple.product-type.bundle.unit-test";
		};
		B610AC182F15B4DF008B2C15 /* gym appUITests */ = {
			isa = PBXNativeTarget;
			buildConfigurationList = B610AC292F15B4DF008B2C15 /* Build configuration list for PBXNativeTarget "gym appUITests" */;
			buildPhases = (
				B610AC152F15B4DF008B2C15 /* Sources */,
				B610AC162F15B4DF008B2C15 /* Frameworks */,
				B610AC172F15B4DF008B2C15 /* Resources */,
			);
			buildRules = (
			);
			dependencies = (
				B610AC1B2F15B4DF008B2C15 /* PBXTargetDependency */,
			);
			name = "gym appUITests";
			productName = "gym appUITests";
			productReference = B610AC192F15B4DF008B2C15 /* gym appUITests.xctest */;
			productType = "com.apple.product-type.bundle.ui-testing";
		};
/* End PBXNativeTarget section */

/* Begin PBXProject section */
		B610ABF72F15B4DD008B2C15 /* Project object */ = {
			isa = PBXProject;
			attributes = {
				BuildIndependentTargetsInParallel = 1;
				LastSwiftUpdateCheck = 1540;
				LastUpgradeCheck = 1540;
				TargetAttributes = {
					B610ABFE2F15B4DD008B2C15 = {
						CreatedOnToolsVersion = 15.4;
					};
					B610AC0E2F15B4DE008B2C15 = {
						CreatedOnToolsVersion = 15.4;
						TestTargetID = B610ABFE2F15B4DD008B2C15;
					};
					B610AC182F15B4DF008B2C15 = {
						CreatedOnToolsVersion = 15.4;
						TestTargetID = B610ABFE2F15B4DD008B2C15;
					};
				};
			};
			buildConfigurationList = B610ABFA2F15B4DD008B2C15 /* Build configuration list for PBXProject "gym app" */;
			compatibilityVersion = "Xcode 15.3";
			developmentRegion = en;
			hasScannedForEncodings = 0;
			knownRegions = (
				en,
				Base,
			);
			mainGroup = B610ABF62F15B4DD008B2C15;
			packageReferences = (
				B63EBEE12F15E55600D8C22D /* XCRemoteSwiftPackageReference "firebase-ios-sdk" */,
			);
			productRefGroup = B610AC002F15B4DD008B2C15 /* Products */;
			projectDirPath = "";
			projectRoot = "";
			targets = (
				B610ABFE2F15B4DD008B2C15 /* gym app */,
				B610AC0E2F15B4DE008B2C15 /* gym appTests */,
				B610AC182F15B4DF008B2C15 /* gym appUITests */,
			);
		};
/* End PBXProject section */

/* Begin PBXResourcesBuildPhase section */
		B610ABFD2F15B4DD008B2C15 /* Resources */ = {
			isa = PBXResourcesBuildPhase;
			buildActionMask = 2147483647;
			files = (
				B610AC0A2F15B4DE008B2C15 /* Preview Assets.xcassets in Resources */,
				B610AC072F15B4DE008B2C15 /* Assets.xcassets in Resources */,
				B693104C2F15E12A0021CB0F /* GoogleService-Info.plist in Resources */,
			);
			runOnlyForDeploymentPostprocessing = 0;
		};
		B610AC0D2F15B4DE008B2C15 /* Resources */ = {
			isa = PBXResourcesBuildPhase;
			buildActionMask = 2147483647;
			files = (
				B693104D2F15E12A0021CB0F /* GoogleService-Info.plist in Resources */,
			);
			runOnlyForDeploymentPostprocessing = 0;
		};
		B610AC172F15B4DF008B2C15 /* Resources */ = {
			isa = PBXResourcesBuildPhase;
			buildActionMask = 2147483647;
			files = (
				B693104E2F15E12A0021CB0F /* GoogleService-Info.plist in Resources */,
			);
			runOnlyForDeploymentPostprocessing = 0;
		};
/* End PBXResourcesBuildPhase section */

/* Begin PBXSourcesBuildPhase section */
		B610ABFB2F15B4DD008B2C15 /* Sources */ = {
			isa = PBXSourcesBuildPhase;
			buildActionMask = 2147483647;
			files = (
				B63EBF212F15E73700D8C22D /* SettingsView.swift in Sources */,
				B63EBF1D2F15E73700D8C22D /* ModuleDetailView.swift in Sources */,
				B63EBF172F15E73700D8C22D /* SetGroup.swift in Sources */,
				B63EBF2B2F15E73700D8C22D /* NetworkMonitor.swift in Sources */,
				B63EBF2C2F15E73700D8C22D /* SyncManager.swift in Sources */,
				B63EBF252F15E73700D8C22D /* HomeView.swift in Sources */,
				B63EBF1B2F15E73700D8C22D /* ExerciseDetailView.swift in Sources */,
				B63EBF162F15E73700D8C22D /* Session.swift in Sources */,
				B63EBF232F15E73700D8C22D /* WorkoutFormView.swift in Sources */,
				B63EBF262F15E73700D8C22D /* MainTabView.swift in Sources */,
				B63EBF0F2F15E73700D8C22D /* AppState.swift in Sources */,
				B63EBF142F15E73700D8C22D /* Exercise.swift in Sources */,
				B63EBF302F15E73700D8C22D /* ExerciseLibrary.swift in Sources */,
				B658B09E2F16903C00B2F84E /* AppTheme.swift in Sources */,
				B63EBF1A2F15E73700D8C22D /* SessionDetailView.swift in Sources */,
				B63EBF192F15E73700D8C22D /* HistoryView.swift in Sources */,
				B63EBF152F15E73700D8C22D /* Module.swift in Sources */,
				B63EBF1C2F15E73700D8C22D /* ExerciseFormView.swift in Sources */,
				B63EBF112F15E73700D8C22D /* SessionViewModel.swift in Sources */,
				B63EBF282F15E73700D8C22D /* PersistenceController.swift in Sources */,
				B63EBF2A2F15E73700D8C22D /* FirebaseService.swift in Sources */,
				B610AC052F15B4DD008B2C15 /* ContentView.swift in Sources */,
				B63EBF222F15E73700D8C22D /* WorkoutDetailView.swift in Sources */,
				B63EBF102F15E73700D8C22D /* ModuleViewModel.swift in Sources */,
				B63EBF202F15E73700D8C22D /* ActiveSessionView.swift in Sources */,
				B63EBF1F2F15E73700D8C22D /* ModulesListView.swift in Sources */,
				B63EBF272F15E73700D8C22D /* CoreDataEntities.swift in Sources */,
				B63EBF132F15E73700D8C22D /* Enums.swift in Sources */,
				B63EBF1E2F15E73700D8C22D /* ModuleFormView.swift in Sources */,
				B63EBF122F15E73700D8C22D /* WorkoutViewModel.swift in Sources */,
				B63EBF292F15E73700D8C22D /* DataRepository.swift in Sources */,
				B610AC032F15B4DD008B2C15 /* gym_appApp.swift in Sources */,
				B63EBF242F15E73700D8C22D /* WorkoutsListView.swift in Sources */,
				B63EBF182F15E73700D8C22D /* Workout.swift in Sources */,
				B658B09F2F16903C00B2F84E /* Components.swift in Sources */,
				827E4547CA7D42C1BCD2A93B /* SessionModels.swift in Sources */,
				7C388C9A41484932BBDDF97C /* SessionComponents.swift in Sources */,
				39DB3468001A45CEA0E01B1F /* EndSessionSheet.swift in Sources */,
				809C1B452DCD4B8AB156DBCE /* RecentSetsSheet.swift in Sources */,
				7E3A26543EA449B5824C3A63 /* WorkoutOverviewSheet.swift in Sources */,
				9A12E7530EDF4ADE85E5FEA3 /* ExerciseModificationSheets.swift in Sources */,
			);
			runOnlyForDeploymentPostprocessing = 0;
		};
		B610AC0B2F15B4DE008B2C15 /* Sources */ = {
			isa = PBXSourcesBuildPhase;
			buildActionMask = 2147483647;
			files = (
				B610AC142F15B4DE008B2C15 /* gym_appTests.swift in Sources */,
			);
			runOnlyForDeploymentPostprocessing = 0;
		};
		B610AC152F15B4DF008B2C15 /* Sources */ = {
			isa = PBXSourcesBuildPhase;
			buildActionMask = 2147483647;
			files = (
				B610AC202F15B4DF008B2C15 /* gym_appUITestsLaunchTests.swift in Sources */,
				B610AC1E2F15B4DF008B2C15 /* gym_appUITests.swift in Sources */,
			);
			runOnlyForDeploymentPostprocessing = 0;
		};
/* End PBXSourcesBuildPhase section */

/* Begin PBXTargetDependency section */
		B610AC112F15B4DE008B2C15 /* PBXTargetDependency */ = {
			isa = PBXTargetDependency;
			target = B610ABFE2F15B4DD008B2C15 /* gym app */;
			targetProxy = B610AC102F15B4DE008B2C15 /* PBXContainerItemProxy */;
		};
		B610AC1B2F15B4DF008B2C15 /* PBXTargetDependency */ = {
			isa = PBXTargetDependency;
			target = B610ABFE2F15B4DD008B2C15 /* gym app */;
			targetProxy = B610AC1A2F15B4DF008B2C15 /* PBXContainerItemProxy */;
		};
/* End PBXTargetDependency section */

/* Begin XCBuildConfiguration section */
		B610AC212F15B4DF008B2C15 /* Debug */ = {
			isa = XCBuildConfiguration;
			buildSettings = {
				ALWAYS_SEARCH_USER_PATHS = NO;
				ASSETCATALOG_COMPILER_GENERATE_SWIFT_ASSET_SYMBOL_EXTENSIONS = YES;
				CLANG_ANALYZER_NONNULL = YES;
				CLANG_ANALYZER_NUMBER_OBJECT_CONVERSION = YES_AGGRESSIVE;
				CLANG_CXX_LANGUAGE_STANDARD = "gnu++20";
				CLANG_ENABLE_MODULES = YES;
				CLANG_ENABLE_OBJC_ARC = YES;
				CLANG_ENABLE_OBJC_WEAK = YES;
				CLANG_WARN_BLOCK_CAPTURE_AUTORELEASING = YES;
				CLANG_WARN_BOOL_CONVERSION = YES;
				CLANG_WARN_COMMA = YES;
				CLANG_WARN_CONSTANT_CONVERSION = YES;
				CLANG_WARN_DEPRECATED_OBJC_IMPLEMENTATIONS = YES;
				CLANG_WARN_DIRECT_OBJC_ISA_USAGE = YES_ERROR;
				CLANG_WARN_DOCUMENTATION_COMMENTS = YES;
				CLANG_WARN_EMPTY_BODY = YES;
				CLANG_WARN_ENUM_CONVERSION = YES;
				CLANG_WARN_INFINITE_RECURSION = YES;
				CLANG_WARN_INT_CONVERSION = YES;
				CLANG_WARN_NON_LITERAL_NULL_CONVERSION = YES;
				CLANG_WARN_OBJC_IMPLICIT_RETAIN_SELF = YES;
				CLANG_WARN_OBJC_LITERAL_CONVERSION = YES;
				CLANG_WARN_OBJC_ROOT_CLASS = YES_ERROR;
				CLANG_WARN_QUOTED_INCLUDE_IN_FRAMEWORK_HEADER = YES;
				CLANG_WARN_RANGE_LOOP_ANALYSIS = YES;
				CLANG_WARN_STRICT_PROTOTYPES = YES;
				CLANG_WARN_SUSPICIOUS_MOVE = YES;
				CLANG_WARN_UNGUARDED_AVAILABILITY = YES_AGGRESSIVE;
				CLANG_WARN_UNREACHABLE_CODE = YES;
				CLANG_WARN__DUPLICATE_METHOD_MATCH = YES;
				COPY_PHASE_STRIP = NO;
				DEBUG_INFORMATION_FORMAT = dwarf;
				ENABLE_STRICT_OBJC_MSGSEND = YES;
				ENABLE_TESTABILITY = YES;
				ENABLE_USER_SCRIPT_SANDBOXING = YES;
				GCC_C_LANGUAGE_STANDARD = gnu17;
				GCC_DYNAMIC_NO_PIC = NO;
				GCC_NO_COMMON_BLOCKS = YES;
				GCC_OPTIMIZATION_LEVEL = 0;
				GCC_PREPROCESSOR_DEFINITIONS = (
					"DEBUG=1",
					"$(inherited)",
				);
				GCC_WARN_64_TO_32_BIT_CONVERSION = YES;
				GCC_WARN_ABOUT_RETURN_TYPE = YES_ERROR;
				GCC_WARN_UNDECLARED_SELECTOR = YES;
				GCC_WARN_UNINITIALIZED_AUTOS = YES_AGGRESSIVE;
				GCC_WARN_UNUSED_FUNCTION = YES;
				GCC_WARN_UNUSED_VARIABLE = YES;
				IPHONEOS_DEPLOYMENT_TARGET = 17.5;
				LOCALIZATION_PREFERS_STRING_CATALOGS = YES;
				MTL_ENABLE_DEBUG_INFO = INCLUDE_SOURCE;
				MTL_FAST_MATH = YES;
				ONLY_ACTIVE_ARCH = YES;
				SDKROOT = iphoneos;
				SWIFT_ACTIVE_COMPILATION_CONDITIONS = "DEBUG $(inherited)";
				SWIFT_OPTIMIZATION_LEVEL = "-Onone";
			};
			name = Debug;
		};
		B610AC222F15B4DF008B2C15 /* Release */ = {
			isa = XCBuildConfiguration;
			buildSettings = {
				ALWAYS_SEARCH_USER_PATHS = NO;
				ASSETCATALOG_COMPILER_GENERATE_SWIFT_ASSET_SYMBOL_EXTENSIONS = YES;
				CLANG_ANALYZER_NONNULL = YES;
				CLANG_ANALYZER_NUMBER_OBJECT_CONVERSION = YES_AGGRESSIVE;
				CLANG_CXX_LANGUAGE_STANDARD = "gnu++20";
				CLANG_ENABLE_MODULES = YES;
				CLANG_ENABLE_OBJC_ARC = YES;
				CLANG_ENABLE_OBJC_WEAK = YES;
				CLANG_WARN_BLOCK_CAPTURE_AUTORELEASING = YES;
				CLANG_WARN_BOOL_CONVERSION = YES;
				CLANG_WARN_COMMA = YES;
				CLANG_WARN_CONSTANT_CONVERSION = YES;
				CLANG_WARN_DEPRECATED_OBJC_IMPLEMENTATIONS = YES;
				CLANG_WARN_DIRECT_OBJC_ISA_USAGE = YES_ERROR;
				CLANG_WARN_DOCUMENTATION_COMMENTS = YES;
				CLANG_WARN_EMPTY_BODY = YES;
				CLANG_WARN_ENUM_CONVERSION = YES;
				CLANG_WARN_INFINITE_RECURSION = YES;
				CLANG_WARN_INT_CONVERSION = YES;
				CLANG_WARN_NON_LITERAL_NULL_CONVERSION = YES;
				CLANG_WARN_OBJC_IMPLICIT_RETAIN_SELF = YES;
				CLANG_WARN_OBJC_LITERAL_CONVERSION = YES;
				CLANG_WARN_OBJC_ROOT_CLASS = YES_ERROR;
				CLANG_WARN_QUOTED_INCLUDE_IN_FRAMEWORK_HEADER = YES;
				CLANG_WARN_RANGE_LOOP_ANALYSIS = YES;
				CLANG_WARN_STRICT_PROTOTYPES = YES;
				CLANG_WARN_SUSPICIOUS_MOVE = YES;
				CLANG_WARN_UNGUARDED_AVAILABILITY = YES_AGGRESSIVE;
				CLANG_WARN_UNREACHABLE_CODE = YES;
				CLANG_WARN__DUPLICATE_METHOD_MATCH = YES;
				COPY_PHASE_STRIP = NO;
				DEBUG_INFORMATION_FORMAT = "dwarf-with-dsym";
				ENABLE_NS_ASSERTIONS = NO;
				ENABLE_STRICT_OBJC_MSGSEND = YES;
				ENABLE_USER_SCRIPT_SANDBOXING = YES;
				GCC_C_LANGUAGE_STANDARD = gnu17;
				GCC_NO_COMMON_BLOCKS = YES;
				GCC_WARN_64_TO_32_BIT_CONVERSION = YES;
				GCC_WARN_ABOUT_RETURN_TYPE = YES_ERROR;
				GCC_WARN_UNDECLARED_SELECTOR = YES;
				GCC_WARN_UNINITIALIZED_AUTOS = YES_AGGRESSIVE;
				GCC_WARN_UNUSED_FUNCTION = YES;
				GCC_WARN_UNUSED_VARIABLE = YES;
				IPHONEOS_DEPLOYMENT_TARGET = 17.5;
				LOCALIZATION_PREFERS_STRING_CATALOGS = YES;
				MTL_ENABLE_DEBUG_INFO = NO;
				MTL_FAST_MATH = YES;
				SDKROOT = iphoneos;
				SWIFT_COMPILATION_MODE = wholemodule;
				VALIDATE_PRODUCT = YES;
			};
			name = Release;
		};
		B610AC242F15B4DF008B2C15 /* Debug */ = {
			isa = XCBuildConfiguration;
			buildSettings = {
				ASSETCATALOG_COMPILER_APPICON_NAME = AppIcon;
				ASSETCATALOG_COMPILER_GLOBAL_ACCENT_COLOR_NAME = AccentColor;
				CODE_SIGN_STYLE = Automatic;
				CURRENT_PROJECT_VERSION = 1;
				DEVELOPMENT_ASSET_PATHS = "\"gym app/Preview Content\"";
				DEVELOPMENT_TEAM = 32458MUSUC;
				ENABLE_PREVIEWS = YES;
				GENERATE_INFOPLIST_FILE = YES;
				INFOPLIST_KEY_UIApplicationSceneManifest_Generation = YES;
				INFOPLIST_KEY_UIApplicationSupportsIndirectInputEvents = YES;
				INFOPLIST_KEY_UILaunchScreen_Generation = YES;
				INFOPLIST_KEY_UISupportedInterfaceOrientations_iPad = "UIInterfaceOrientationPortrait UIInterfaceOrientationPortraitUpsideDown UIInterfaceOrientationLandscapeLeft UIInterfaceOrientationLandscapeRight";
				INFOPLIST_KEY_UISupportedInterfaceOrientations_iPhone = "UIInterfaceOrientationPortrait UIInterfaceOrientationLandscapeLeft UIInterfaceOrientationLandscapeRight";
				LD_RUNPATH_SEARCH_PATHS = (
					"$(inherited)",
					"@executable_path/Frameworks",
				);
				MARKETING_VERSION = 1.0;
				PRODUCT_BUNDLE_IDENTIFIER = "UI.gym-app";
				PRODUCT_NAME = "$(TARGET_NAME)";
				SWIFT_EMIT_LOC_STRINGS = YES;
				SWIFT_VERSION = 5.0;
				TARGETED_DEVICE_FAMILY = "1,2";
			};
			name = Debug;
		};
		B610AC252F15B4DF008B2C15 /* Release */ = {
			isa = XCBuildConfiguration;
			buildSettings = {
				ASSETCATALOG_COMPILER_APPICON_NAME = AppIcon;
				ASSETCATALOG_COMPILER_GLOBAL_ACCENT_COLOR_NAME = AccentColor;
				CODE_SIGN_STYLE = Automatic;
				CURRENT_PROJECT_VERSION = 1;
				DEVELOPMENT_ASSET_PATHS = "\"gym app/Preview Content\"";
				DEVELOPMENT_TEAM = 32458MUSUC;
				ENABLE_PREVIEWS = YES;
				GENERATE_INFOPLIST_FILE = YES;
				INFOPLIST_KEY_UIApplicationSceneManifest_Generation = YES;
				INFOPLIST_KEY_UIApplicationSupportsIndirectInputEvents = YES;
				INFOPLIST_KEY_UILaunchScreen_Generation = YES;
				INFOPLIST_KEY_UISupportedInterfaceOrientations_iPad = "UIInterfaceOrientationPortrait UIInterfaceOrientationPortraitUpsideDown UIInterfaceOrientationLandscapeLeft UIInterfaceOrientationLandscapeRight";
				INFOPLIST_KEY_UISupportedInterfaceOrientations_iPhone = "UIInterfaceOrientationPortrait UIInterfaceOrientationLandscapeLeft UIInterfaceOrientationLandscapeRight";
				LD_RUNPATH_SEARCH_PATHS = (
					"$(inherited)",
					"@executable_path/Frameworks",
				);
				MARKETING_VERSION = 1.0;
				PRODUCT_BUNDLE_IDENTIFIER = "UI.gym-app";
				PRODUCT_NAME = "$(TARGET_NAME)";
				SWIFT_EMIT_LOC_STRINGS = YES;
				SWIFT_VERSION = 5.0;
				TARGETED_DEVICE_FAMILY = "1,2";
			};
			name = Release;
		};
		B610AC272F15B4DF008B2C15 /* Debug */ = {
			isa = XCBuildConfiguration;
			buildSettings = {
				ALWAYS_EMBED_SWIFT_STANDARD_LIBRARIES = YES;
				BUNDLE_LOADER = "$(TEST_HOST)";
				CODE_SIGN_STYLE = Automatic;
				CURRENT_PROJECT_VERSION = 1;
				GENERATE_INFOPLIST_FILE = YES;
				IPHONEOS_DEPLOYMENT_TARGET = 17.5;
				MARKETING_VERSION = 1.0;
				PRODUCT_BUNDLE_IDENTIFIER = "UI.gym-appTests";
				PRODUCT_NAME = "$(TARGET_NAME)";
				SWIFT_EMIT_LOC_STRINGS = NO;
				SWIFT_VERSION = 5.0;
				TARGETED_DEVICE_FAMILY = "1,2";
				TEST_HOST = "$(BUILT_PRODUCTS_DIR)/gym app.app/$(BUNDLE_EXECUTABLE_FOLDER_PATH)/gym app";
			};
			name = Debug;
		};
		B610AC282F15B4DF008B2C15 /* Release */ = {
			isa = XCBuildConfiguration;
			buildSettings = {
				ALWAYS_EMBED_SWIFT_STANDARD_LIBRARIES = YES;
				BUNDLE_LOADER = "$(TEST_HOST)";
				CODE_SIGN_STYLE = Automatic;
				CURRENT_PROJECT_VERSION = 1;
				GENERATE_INFOPLIST_FILE = YES;
				IPHONEOS_DEPLOYMENT_TARGET = 17.5;
				MARKETING_VERSION = 1.0;
				PRODUCT_BUNDLE_IDENTIFIER = "UI.gym-appTests";
				PRODUCT_NAME = "$(TARGET_NAME)";
				SWIFT_EMIT_LOC_STRINGS = NO;
				SWIFT_VERSION = 5.0;
				TARGETED_DEVICE_FAMILY = "1,2";
				TEST_HOST = "$(BUILT_PRODUCTS_DIR)/gym app.app/$(BUNDLE_EXECUTABLE_FOLDER_PATH)/gym app";
			};
			name = Release;
		};
		B610AC2A2F15B4DF008B2C15 /* Debug */ = {
			isa = XCBuildConfiguration;
			buildSettings = {
				ALWAYS_EMBED_SWIFT_STANDARD_LIBRARIES = YES;
				CODE_SIGN_STYLE = Automatic;
				CURRENT_PROJECT_VERSION = 1;
				GENERATE_INFOPLIST_FILE = YES;
				MARKETING_VERSION = 1.0;
				PRODUCT_BUNDLE_IDENTIFIER = "UI.gym-appUITests";
				PRODUCT_NAME = "$(TARGET_NAME)";
				SWIFT_EMIT_LOC_STRINGS = NO;
				SWIFT_VERSION = 5.0;
				TARGETED_DEVICE_FAMILY = "1,2";
				TEST_TARGET_NAME = "gym app";
			};
			name = Debug;
		};
		B610AC2B2F15B4DF008B2C15 /* Release */ = {
			isa = XCBuildConfiguration;
			buildSettings = {
				ALWAYS_EMBED_SWIFT_STANDARD_LIBRARIES = YES;
				CODE_SIGN_STYLE = Automatic;
				CURRENT_PROJECT_VERSION = 1;
				GENERATE_INFOPLIST_FILE = YES;
				MARKETING_VERSION = 1.0;
				PRODUCT_BUNDLE_IDENTIFIER = "UI.gym-appUITests";
				PRODUCT_NAME = "$(TARGET_NAME)";
				SWIFT_EMIT_LOC_STRINGS = NO;
				SWIFT_VERSION = 5.0;
				TARGETED_DEVICE_FAMILY = "1,2";
				TEST_TARGET_NAME = "gym app";
			};
			name = Release;
		};
/* End XCBuildConfiguration section */

/* Begin XCConfigurationList section */
		B610ABFA2F15B4DD008B2C15 /* Build configuration list for PBXProject "gym app" */ = {
			isa = XCConfigurationList;
			buildConfigurations = (
				B610AC212F15B4DF008B2C15 /* Debug */,
				B610AC222F15B4DF008B2C15 /* Release */,
			);
			defaultConfigurationIsVisible = 0;
			defaultConfigurationName = Release;
		};
		B610AC232F15B4DF008B2C15 /* Build configuration list for PBXNativeTarget "gym app" */ = {
			isa = XCConfigurationList;
			buildConfigurations = (
				B610AC242F15B4DF008B2C15 /* Debug */,
				B610AC252F15B4DF008B2C15 /* Release */,
			);
			defaultConfigurationIsVisible = 0;
			defaultConfigurationName = Release;
		};
		B610AC262F15B4DF008B2C15 /* Build configuration list for PBXNativeTarget "gym appTests" */ = {
			isa = XCConfigurationList;
			buildConfigurations = (
				B610AC272F15B4DF008B2C15 /* Debug */,
				B610AC282F15B4DF008B2C15 /* Release */,
			);
			defaultConfigurationIsVisible = 0;
			defaultConfigurationName = Release;
		};
		B610AC292F15B4DF008B2C15 /* Build configuration list for PBXNativeTarget "gym appUITests" */ = {
			isa = XCConfigurationList;
			buildConfigurations = (
				B610AC2A2F15B4DF008B2C15 /* Debug */,
				B610AC2B2F15B4DF008B2C15 /* Release */,
			);
			defaultConfigurationIsVisible = 0;
			defaultConfigurationName = Release;
		};
/* End XCConfigurationList section */

/* Begin XCRemoteSwiftPackageReference section */
		B63EBEE12F15E55600D8C22D /* XCRemoteSwiftPackageReference "firebase-ios-sdk" */ = {
			isa = XCRemoteSwiftPackageReference;
			repositoryURL = "https://github.com/firebase/firebase-ios-sdk";
			requirement = {
				kind = exactVersion;
				version = 10.29.0;
			};
		};
/* End XCRemoteSwiftPackageReference section */

/* Begin XCSwiftPackageProductDependency section */
		B63EBEE22F15E55600D8C22D /* FirebaseAuth */ = {
			isa = XCSwiftPackageProductDependency;
			package = B63EBEE12F15E55600D8C22D /* XCRemoteSwiftPackageReference "firebase-ios-sdk" */;
			productName = FirebaseAuth;
		};
		B63EBEE42F15E55600D8C22D /* FirebaseFirestore */ = {
			isa = XCSwiftPackageProductDependency;
			package = B63EBEE12F15E55600D8C22D /* XCRemoteSwiftPackageReference "firebase-ios-sdk" */;
			productName = FirebaseFirestore;
		};
/* End XCSwiftPackageProductDependency section */
	};
	rootObject = B610ABF72F15B4DD008B2C15 /* Project object */;
}
